
Microsoft Visual Studio Solution File, Format Version 12.00
# Visual Studio Version 17
VisualStudioVersion = 17.9.34622.214
MinimumVisualStudioVersion = 10.0.40219.1
Project("{FAE04EC0-301F-11D3-BF4B-00C04F79EFBC}") = "Classificados", "Classificados\Classificados.csproj", "{F4D027AC-F084-41CB-B003-9A5A6E56B947}"
EndProject
Global
	GlobalSection(SolutionConfigurationPlatforms) = preSolution
		Debug|Any CPU = Debug|Any CPU
		Release|Any CPU = Release|Any CPU
	EndGlobalSection
	GlobalSection(ProjectConfigurationPlatforms) = postSolution
		{F4D027AC-F084-41CB-B003-9A5A6E56B947}.Debug|Any CPU.ActiveCfg = Debug|Any CPU
		{F4D027AC-F084-41CB-B003-9A5A6E56B947}.Debug|Any CPU.Build.0 = Debug|Any CPU
		{F4D027AC-F084-41CB-B003-9A5A6E56B947}.Release|Any CPU.ActiveCfg = Release|Any CPU
		{F4D027AC-F084-41CB-B003-9A5A6E56B947}.Release|Any CPU.Build.0 = Release|Any CPU
	EndGlobalSection
	GlobalSection(SolutionProperties) = preSolution
		HideSolutionNode = FALSE
	EndGlobalSection
	GlobalSection(ExtensibilityGlobals) = postSolution
		SolutionGuid = {08A2A4FA-3DD0-46F5-87D9-9C3030C44289}
	EndGlobalSection
EndGlobal
